
Microsoft Visual Studio Solution File, Format Version 12.00
# Visual Studio Version 17
VisualStudioVersion = 17.0.31903.59
MinimumVisualStudioVersion = 10.0.40219.1
Project("{2150E333-8FDC-42A3-9474-1A3956D46DE8}") = "src", "src", "{0D11074D-E2CA-4206-AD2E-36F5F39D06D4}"
EndProject
Project("{9A19103F-16F7-4668-BE54-9A1E7A4F7556}") = "EmbeddingShift.Core", "src\EmbeddingShift.Core\EmbeddingShift.Core.csproj", "{D51EAFD2-B291-4FC1-86F1-A49266DB34A2}"
EndProject
Project("{9A19103F-16F7-4668-BE54-9A1E7A4F7556}") = "EmbeddingShift.Adaptive", "src\EmbeddingShift.Adaptive\EmbeddingShift.Adaptive.csproj", "{68D8A6EE-F1DA-4C6F-B2F6-ECE70BACD086}"
EndProject
Project("{9A19103F-16F7-4668-BE54-9A1E7A4F7556}") = "EmbeddingShift.Simulation", "src\EmbeddingShift.Simulation\EmbeddingShift.Simulation.csproj", "{FB9FED09-D59B-486B-9C1F-593033D521EA}"
EndProject
Project("{9A19103F-16F7-4668-BE54-9A1E7A4F7556}") = "EmbeddingShift.Ingest", "src\EmbeddingShift.Ingest\EmbeddingShift.Ingest.csproj", "{AD143546-84E7-4864-9329-B5B154152493}"
EndProject
Project("{9A19103F-16F7-4668-BE54-9A1E7A4F7556}") = "EmbeddingShift.Tests", "src\EmbeddingShift.Tests\EmbeddingShift.Tests.csproj", "{6144AB23-2B90-44F0-BE99-A0E4583CE0EA}"
EndProject
Project("{9A19103F-16F7-4668-BE54-9A1E7A4F7556}") = "EmbeddingShift.Console", "src\EmbeddingShift.Console\EmbeddingShift.Console.csproj", "{2448E8AE-F78A-42C9-AF91-95D0D9E53C48}"
EndProject
Project("{9A19103F-16F7-4668-BE54-9A1E7A4F7556}") = "EmbeddingShift.Abstractions", "src\EmbeddingShift.Abstractions\EmbeddingShift.Abstractions.csproj", "{5A6E7E20-23AD-4896-BDFE-548BCE32EB9F}"
EndProject
Project("{9A19103F-16F7-4668-BE54-9A1E7A4F7556}") = "EmbeddingShift.Preprocessing", "src\EmbeddingShift.Preprocessing\EmbeddingShift.Preprocessing.csproj", "{1CCD79A7-6675-4288-8082-2D5B4F37BD90}"
EndProject
Project("{9A19103F-16F7-4668-BE54-9A1E7A4F7556}") = "EmbeddingShift.ConsoleEval", "src\EmbeddingShift.ConsoleEval\EmbeddingShift.ConsoleEval.csproj", "{ACFCF4D0-916C-429C-9741-A49F7FFF81F1}"
EndProject
Project("{9A19103F-16F7-4668-BE54-9A1E7A4F7556}") = "EmbeddingShift.Workflows", "src\EmbeddingShift.Workflows\EmbeddingShift.Workflows.csproj", "{524CE6A8-2A79-43E7-9615-B383A6726663}"
EndProject
Project("{9A19103F-16F7-4668-BE54-9A1E7A4F7556}") = "EmbeddingShift.ConsoleSmoke", "src\EmbeddingShift.ConsoleSmoke\EmbeddingShift.ConsoleSmoke.csproj", "{1C8861E3-844E-4716-8784-4523048D6AE9}"
EndProject
Project("{9A19103F-16F7-4668-BE54-9A1E7A4F7556}") = "EmbeddingShift.Providers.OpenAI", "EmbeddingShift.Providers.OpenAI\EmbeddingShift.Providers.OpenAI.csproj", "{D3731EBA-1BC8-4374-9633-FE28079CCCB6}"
EndProject
Global
	GlobalSection(SolutionConfigurationPlatforms) = preSolution
		Debug|Any CPU = Debug|Any CPU
		Release|Any CPU = Release|Any CPU
	EndGlobalSection
	GlobalSection(ProjectConfigurationPlatforms) = postSolution
		{D51EAFD2-B291-4FC1-86F1-A49266DB34A2}.Debug|Any CPU.ActiveCfg = Debug|Any CPU
		{D51EAFD2-B291-4FC1-86F1-A49266DB34A2}.Debug|Any CPU.Build.0 = Debug|Any CPU
		{D51EAFD2-B291-4FC1-86F1-A49266DB34A2}.Release|Any CPU.ActiveCfg = Release|Any CPU
		{D51EAFD2-B291-4FC1-86F1-A49266DB34A2}.Release|Any CPU.Build.0 = Release|Any CPU
		{68D8A6EE-F1DA-4C6F-B2F6-ECE70BACD086}.Debug|Any CPU.ActiveCfg = Debug|Any CPU
		{68D8A6EE-F1DA-4C6F-B2F6-ECE70BACD086}.Debug|Any CPU.Build.0 = Debug|Any CPU
		{68D8A6EE-F1DA-4C6F-B2F6-ECE70BACD086}.Release|Any CPU.ActiveCfg = Release|Any CPU
		{68D8A6EE-F1DA-4C6F-B2F6-ECE70BACD086}.Release|Any CPU.Build.0 = Release|Any CPU
		{FB9FED09-D59B-486B-9C1F-593033D521EA}.Debug|Any CPU.ActiveCfg = Debug|Any CPU
		{FB9FED09-D59B-486B-9C1F-593033D521EA}.Debug|Any CPU.Build.0 = Debug|Any CPU
		{FB9FED09-D59B-486B-9C1F-593033D521EA}.Release|Any CPU.ActiveCfg = Release|Any CPU
		{FB9FED09-D59B-486B-9C1F-593033D521EA}.Release|Any CPU.Build.0 = Release|Any CPU
		{AD143546-84E7-4864-9329-B5B154152493}.Debug|Any CPU.ActiveCfg = Debug|Any CPU
		{AD143546-84E7-4864-9329-B5B154152493}.Debug|Any CPU.Build.0 = Debug|Any CPU
		{AD143546-84E7-4864-9329-B5B154152493}.Release|Any CPU.ActiveCfg = Release|Any CPU
		{AD143546-84E7-4864-9329-B5B154152493}.Release|Any CPU.Build.0 = Release|Any CPU
		{6144AB23-2B90-44F0-BE99-A0E4583CE0EA}.Debug|Any CPU.ActiveCfg = Debug|Any CPU
		{6144AB23-2B90-44F0-BE99-A0E4583CE0EA}.Debug|Any CPU.Build.0 = Debug|Any CPU
		{6144AB23-2B90-44F0-BE99-A0E4583CE0EA}.Release|Any CPU.ActiveCfg = Release|Any CPU
		{6144AB23-2B90-44F0-BE99-A0E4583CE0EA}.Release|Any CPU.Build.0 = Release|Any CPU
		{2448E8AE-F78A-42C9-AF91-95D0D9E53C48}.Debug|Any CPU.ActiveCfg = Debug|Any CPU
		{2448E8AE-F78A-42C9-AF91-95D0D9E53C48}.Debug|Any CPU.Build.0 = Debug|Any CPU
		{2448E8AE-F78A-42C9-AF91-95D0D9E53C48}.Release|Any CPU.ActiveCfg = Release|Any CPU
		{2448E8AE-F78A-42C9-AF91-95D0D9E53C48}.Release|Any CPU.Build.0 = Release|Any CPU
		{5A6E7E20-23AD-4896-BDFE-548BCE32EB9F}.Debug|Any CPU.ActiveCfg = Debug|Any CPU
		{5A6E7E20-23AD-4896-BDFE-548BCE32EB9F}.Debug|Any CPU.Build.0 = Debug|Any CPU
		{5A6E7E20-23AD-4896-BDFE-548BCE32EB9F}.Release|Any CPU.ActiveCfg = Release|Any CPU
		{5A6E7E20-23AD-4896-BDFE-548BCE32EB9F}.Release|Any CPU.Build.0 = Release|Any CPU
		{1CCD79A7-6675-4288-8082-2D5B4F37BD90}.Debug|Any CPU.ActiveCfg = Debug|Any CPU
		{1CCD79A7-6675-4288-8082-2D5B4F37BD90}.Debug|Any CPU.Build.0 = Debug|Any CPU
		{1CCD79A7-6675-4288-8082-2D5B4F37BD90}.Release|Any CPU.ActiveCfg = Release|Any CPU
		{1CCD79A7-6675-4288-8082-2D5B4F37BD90}.Release|Any CPU.Build.0 = Release|Any CPU
		{ACFCF4D0-916C-429C-9741-A49F7FFF81F1}.Debug|Any CPU.ActiveCfg = Debug|Any CPU
		{ACFCF4D0-916C-429C-9741-A49F7FFF81F1}.Debug|Any CPU.Build.0 = Debug|Any CPU
		{ACFCF4D0-916C-429C-9741-A49F7FFF81F1}.Release|Any CPU.ActiveCfg = Release|Any CPU
		{ACFCF4D0-916C-429C-9741-A49F7FFF81F1}.Release|Any CPU.Build.0 = Release|Any CPU
		{524CE6A8-2A79-43E7-9615-B383A6726663}.Debug|Any CPU.ActiveCfg = Debug|Any CPU
		{524CE6A8-2A79-43E7-9615-B383A6726663}.Debug|Any CPU.Build.0 = Debug|Any CPU
		{524CE6A8-2A79-43E7-9615-B383A6726663}.Release|Any CPU.ActiveCfg = Release|Any CPU
		{524CE6A8-2A79-43E7-9615-B383A6726663}.Release|Any CPU.Build.0 = Release|Any CPU
		{1C8861E3-844E-4716-8784-4523048D6AE9}.Debug|Any CPU.ActiveCfg = Debug|Any CPU
		{1C8861E3-844E-4716-8784-4523048D6AE9}.Debug|Any CPU.Build.0 = Debug|Any CPU
		{1C8861E3-844E-4716-8784-4523048D6AE9}.Release|Any CPU.ActiveCfg = Release|Any CPU
		{1C8861E3-844E-4716-8784-4523048D6AE9}.Release|Any CPU.Build.0 = Release|Any CPU
		{D3731EBA-1BC8-4374-9633-FE28079CCCB6}.Debug|Any CPU.ActiveCfg = Debug|Any CPU
		{D3731EBA-1BC8-4374-9633-FE28079CCCB6}.Debug|Any CPU.Build.0 = Debug|Any CPU
		{D3731EBA-1BC8-4374-9633-FE28079CCCB6}.Release|Any CPU.ActiveCfg = Release|Any CPU
		{D3731EBA-1BC8-4374-9633-FE28079CCCB6}.Release|Any CPU.Build.0 = Release|Any CPU
	EndGlobalSection
	GlobalSection(SolutionProperties) = preSolution
		HideSolutionNode = FALSE
	EndGlobalSection
	GlobalSection(NestedProjects) = preSolution
		{D51EAFD2-B291-4FC1-86F1-A49266DB34A2} = {0D11074D-E2CA-4206-AD2E-36F5F39D06D4}
		{68D8A6EE-F1DA-4C6F-B2F6-ECE70BACD086} = {0D11074D-E2CA-4206-AD2E-36F5F39D06D4}
		{FB9FED09-D59B-486B-9C1F-593033D521EA} = {0D11074D-E2CA-4206-AD2E-36F5F39D06D4}
		{AD143546-84E7-4864-9329-B5B154152493} = {0D11074D-E2CA-4206-AD2E-36F5F39D06D4}
		{6144AB23-2B90-44F0-BE99-A0E4583CE0EA} = {0D11074D-E2CA-4206-AD2E-36F5F39D06D4}
		{2448E8AE-F78A-42C9-AF91-95D0D9E53C48} = {0D11074D-E2CA-4206-AD2E-36F5F39D06D4}
		{5A6E7E20-23AD-4896-BDFE-548BCE32EB9F} = {0D11074D-E2CA-4206-AD2E-36F5F39D06D4}
		{1CCD79A7-6675-4288-8082-2D5B4F37BD90} = {0D11074D-E2CA-4206-AD2E-36F5F39D06D4}
		{ACFCF4D0-916C-429C-9741-A49F7FFF81F1} = {0D11074D-E2CA-4206-AD2E-36F5F39D06D4}
		{524CE6A8-2A79-43E7-9615-B383A6726663} = {0D11074D-E2CA-4206-AD2E-36F5F39D06D4}
		{D3731EBA-1BC8-4374-9633-FE28079CCCB6} = {0D11074D-E2CA-4206-AD2E-36F5F39D06D4}
	EndGlobalSection
	GlobalSection(ExtensibilityGlobals) = postSolution
		SolutionGuid = {2907C485-8FCC-4AF3-A7FC-82213D66AE8E}
	EndGlobalSection
EndGlobal
